// !$*UTF8*$!
{
	archiveVersion = 1;
	classes = {
	};
	objectVersion = 55;
	objects = {

/* Begin PBXBuildFile section */
		AA1A754B276CFAD4008C76F0 /* ProfileContentTabView.swift in Sources */ = {isa = PBXBuildFile; fileRef = AA1A754A276CFAD4008C76F0 /* ProfileContentTabView.swift */; };
		AA1A754D276CFE38008C76F0 /* ProfileFeedView.swift in Sources */ = {isa = PBXBuildFile; fileRef = AA1A754C276CFE38008C76F0 /* ProfileFeedView.swift */; };
		AA1A754F276D0321008C76F0 /* ActivityView.swift in Sources */ = {isa = PBXBuildFile; fileRef = AA1A754E276D0321008C76F0 /* ActivityView.swift */; };
		AA24A3A027678FD0005FDF94 /* InstagramCloneApp.swift in Sources */ = {isa = PBXBuildFile; fileRef = AA24A39F27678FD0005FDF94 /* InstagramCloneApp.swift */; };
		AA24A3A227678FD0005FDF94 /* ContentView.swift in Sources */ = {isa = PBXBuildFile; fileRef = AA24A3A127678FD0005FDF94 /* ContentView.swift */; };
		AA24A3A427678FD1005FDF94 /* Assets.xcassets in Resources */ = {isa = PBXBuildFile; fileRef = AA24A3A327678FD1005FDF94 /* Assets.xcassets */; };
		AA24A3A727678FD1005FDF94 /* Preview Assets.xcassets in Resources */ = {isa = PBXBuildFile; fileRef = AA24A3A627678FD1005FDF94 /* Preview Assets.xcassets */; };
		AA24A3CE276798A7005FDF94 /* PostView.swift in Sources */ = {isa = PBXBuildFile; fileRef = AA24A3CD276798A7005FDF94 /* PostView.swift */; };
		AA24A3D027679ADB005FDF94 /* StoriesView.swift in Sources */ = {isa = PBXBuildFile; fileRef = AA24A3CF27679ADB005FDF94 /* StoriesView.swift */; };
		AA6307CF276BA6D800BDC778 /* HomeView.swift in Sources */ = {isa = PBXBuildFile; fileRef = AA6307CE276BA6D800BDC778 /* HomeView.swift */; };
		AA6307D3276BAC6200BDC778 /* ProfileView.swift in Sources */ = {isa = PBXBuildFile; fileRef = AA6307D2276BAC6200BDC778 /* ProfileView.swift */; };
		AA6307D5276BACD900BDC778 /* ProfileTopBarView.swift in Sources */ = {isa = PBXBuildFile; fileRef = AA6307D4276BACD900BDC778 /* ProfileTopBarView.swift */; };
		AA6307D7276BAFA500BDC778 /* ProfileInfoView.swift in Sources */ = {isa = PBXBuildFile; fileRef = AA6307D6276BAFA500BDC778 /* ProfileInfoView.swift */; };
		AA65ED76276E498F009D84C8 /* ActivityItemView.swift in Sources */ = {isa = PBXBuildFile; fileRef = AA65ED75276E498F009D84C8 /* ActivityItemView.swift */; };
		AA9626DE2768EA6600618A38 /* TopBarView.swift in Sources */ = {isa = PBXBuildFile; fileRef = AA9626DD2768EA6600618A38 /* TopBarView.swift */; };
		AA9626E12768F2B000618A38 /* PostTopComponentView.swift in Sources */ = {isa = PBXBuildFile; fileRef = AA9626E02768F2B000618A38 /* PostTopComponentView.swift */; };
		AA9626E32768F3E000618A38 /* PostActionsView.swift in Sources */ = {isa = PBXBuildFile; fileRef = AA9626E22768F3E000618A38 /* PostActionsView.swift */; };
/* End PBXBuildFile section */

/* Begin PBXFileReference section */
		AA1A754A276CFAD4008C76F0 /* ProfileContentTabView.swift */ = {isa = PBXFileReference; lastKnownFileType = sourcecode.swift; path = ProfileContentTabView.swift; sourceTree = "<group>"; };
		AA1A754C276CFE38008C76F0 /* ProfileFeedView.swift */ = {isa = PBXFileReference; lastKnownFileType = sourcecode.swift; path = ProfileFeedView.swift; sourceTree = "<group>"; };
		AA1A754E276D0321008C76F0 /* ActivityView.swift */ = {isa = PBXFileReference; lastKnownFileType = sourcecode.swift; path = ActivityView.swift; sourceTree = "<group>"; };
		AA24A39C27678FD0005FDF94 /* InstagramClone.app */ = {isa = PBXFileReference; explicitFileType = wrapper.application; includeInIndex = 0; path = InstagramClone.app; sourceTree = BUILT_PRODUCTS_DIR; };
		AA24A39F27678FD0005FDF94 /* InstagramCloneApp.swift */ = {isa = PBXFileReference; lastKnownFileType = sourcecode.swift; path = InstagramCloneApp.swift; sourceTree = "<group>"; };
		AA24A3A127678FD0005FDF94 /* ContentView.swift */ = {isa = PBXFileReference; lastKnownFileType = sourcecode.swift; path = ContentView.swift; sourceTree = "<group>"; };
		AA24A3A327678FD1005FDF94 /* Assets.xcassets */ = {isa = PBXFileReference; lastKnownFileType = folder.assetcatalog; path = Assets.xcassets; sourceTree = "<group>"; };
		AA24A3A627678FD1005FDF94 /* Preview Assets.xcassets */ = {isa = PBXFileReference; lastKnownFileType = folder.assetcatalog; path = "Preview Assets.xcassets"; sourceTree = "<group>"; };
		AA24A3CD276798A7005FDF94 /* PostView.swift */ = {isa = PBXFileReference; lastKnownFileType = sourcecode.swift; path = PostView.swift; sourceTree = "<group>"; };
		AA24A3CF27679ADB005FDF94 /* StoriesView.swift */ = {isa = PBXFileReference; lastKnownFileType = sourcecode.swift; path = StoriesView.swift; sourceTree = "<group>"; };
		AA6307CE276BA6D800BDC778 /* HomeView.swift */ = {isa = PBXFileReference; lastKnownFileType = sourcecode.swift; path = HomeView.swift; sourceTree = "<group>"; };
		AA6307D2276BAC6200BDC778 /* ProfileView.swift */ = {isa = PBXFileReference; lastKnownFileType = sourcecode.swift; path = ProfileView.swift; sourceTree = "<group>"; };
		AA6307D4276BACD900BDC778 /* ProfileTopBarView.swift */ = {isa = PBXFileReference; lastKnownFileType = sourcecode.swift; path = ProfileTopBarView.swift; sourceTree = "<group>"; };
		AA6307D6276BAFA500BDC778 /* ProfileInfoView.swift */ = {isa = PBXFileReference; lastKnownFileType = sourcecode.swift; path = ProfileInfoView.swift; sourceTree = "<group>"; };
		AA65ED75276E498F009D84C8 /* ActivityItemView.swift */ = {isa = PBXFileReference; lastKnownFileType = sourcecode.swift; path = ActivityItemView.swift; sourceTree = "<group>"; };
		AA9626DD2768EA6600618A38 /* TopBarView.swift */ = {isa = PBXFileReference; lastKnownFileType = sourcecode.swift; path = TopBarView.swift; sourceTree = "<group>"; };
		AA9626E02768F2B000618A38 /* PostTopComponentView.swift */ = {isa = PBXFileReference; lastKnownFileType = sourcecode.swift; path = PostTopComponentView.swift; sourceTree = "<group>"; };
		AA9626E22768F3E000618A38 /* PostActionsView.swift */ = {isa = PBXFileReference; lastKnownFileType = sourcecode.swift; path = PostActionsView.swift; sourceTree = "<group>"; };
/* End PBXFileReference section */

/* Begin PBXFrameworksBuildPhase section */
		AA24A39927678FD0005FDF94 /* Frameworks */ = {
			isa = PBXFrameworksBuildPhase;
			buildActionMask = 2147483647;
			files = (
			);
			runOnlyForDeploymentPostprocessing = 0;
		};
/* End PBXFrameworksBuildPhase section */

/* Begin PBXGroup section */
		AA24A39327678FD0005FDF94 = {
			isa = PBXGroup;
			children = (
				AA24A39E27678FD0005FDF94 /* InstagramClone */,
				AA24A39D27678FD0005FDF94 /* Products */,
			);
			sourceTree = "<group>";
		};
		AA24A39D27678FD0005FDF94 /* Products */ = {
			isa = PBXGroup;
			children = (
				AA24A39C27678FD0005FDF94 /* InstagramClone.app */,
			);
			name = Products;
			sourceTree = "<group>";
		};
		AA24A39E27678FD0005FDF94 /* InstagramClone */ = {
			isa = PBXGroup;
			children = (
				AA24A39F27678FD0005FDF94 /* InstagramCloneApp.swift */,
				AA24A3A127678FD0005FDF94 /* ContentView.swift */,
				AA65ED74276E47BF009D84C8 /* Activity */,
				AA6307CB276BA6AB00BDC778 /* Tabs */,
				AA24A3A327678FD1005FDF94 /* Assets.xcassets */,
				AA24A3A527678FD1005FDF94 /* Preview Content */,
			);
			path = InstagramClone;
			sourceTree = "<group>";
		};
		AA24A3A527678FD1005FDF94 /* Preview Content */ = {
			isa = PBXGroup;
			children = (
				AA24A3A627678FD1005FDF94 /* Preview Assets.xcassets */,
			);
			path = "Preview Content";
			sourceTree = "<group>";
		};
		AA6307CB276BA6AB00BDC778 /* Tabs */ = {
			isa = PBXGroup;
			children = (
				AA6307D1276BAC2000BDC778 /* Profile */,
				AA6307D0276BA72100BDC778 /* Home */,
			);
			name = Tabs;
			sourceTree = "<group>";
		};
		AA6307D0276BA72100BDC778 /* Home */ = {
			isa = PBXGroup;
			children = (
				AA9626DF2768F1F300618A38 /* PostComponent */,
				AA6307CE276BA6D800BDC778 /* HomeView.swift */,
				AA9626DD2768EA6600618A38 /* TopBarView.swift */,
				AA24A3CF27679ADB005FDF94 /* StoriesView.swift */,
			);
			name = Home;
			sourceTree = "<group>";
		};
		AA6307D1276BAC2000BDC778 /* Profile */ = {
			isa = PBXGroup;
			children = (
				AA6307D2276BAC6200BDC778 /* ProfileView.swift */,
				AA6307D4276BACD900BDC778 /* ProfileTopBarView.swift */,
				AA6307D6276BAFA500BDC778 /* ProfileInfoView.swift */,
				AA1A754A276CFAD4008C76F0 /* ProfileContentTabView.swift */,
				AA1A754C276CFE38008C76F0 /* ProfileFeedView.swift */,
			);
			name = Profile;
			sourceTree = "<group>";
		};
		AA65ED74276E47BF009D84C8 /* Activity */ = {
			isa = PBXGroup;
			children = (
				AA1A754E276D0321008C76F0 /* ActivityView.swift */,
				AA65ED75276E498F009D84C8 /* ActivityItemView.swift */,
			);
			name = Activity;
			sourceTree = "<group>";
		};
		AA9626DF2768F1F300618A38 /* PostComponent */ = {
			isa = PBXGroup;
			children = (
				AA24A3CD276798A7005FDF94 /* PostView.swift */,
				AA9626E02768F2B000618A38 /* PostTopComponentView.swift */,
				AA9626E22768F3E000618A38 /* PostActionsView.swift */,
			);
			name = PostComponent;
			sourceTree = "<group>";
		};
/* End PBXGroup section */

/* Begin PBXNativeTarget section */
		AA24A39B27678FD0005FDF94 /* InstagramClone */ = {
			isa = PBXNativeTarget;
			buildConfigurationList = AA24A3AA27678FD1005FDF94 /* Build configuration list for PBXNativeTarget "InstagramClone" */;
			buildPhases = (
				AA24A39827678FD0005FDF94 /* Sources */,
				AA24A39927678FD0005FDF94 /* Frameworks */,
				AA24A39A27678FD0005FDF94 /* Resources */,
			);
			buildRules = (
			);
			dependencies = (
			);
			name = InstagramClone;
			productName = InstagramClone;
			productReference = AA24A39C27678FD0005FDF94 /* InstagramClone.app */;
			productType = "com.apple.product-type.application";
		};
/* End PBXNativeTarget section */

/* Begin PBXProject section */
		AA24A39427678FD0005FDF94 /* Project object */ = {
			isa = PBXProject;
			attributes = {
				BuildIndependentTargetsInParallel = 1;
				LastSwiftUpdateCheck = 1300;
				LastUpgradeCheck = 1300;
				TargetAttributes = {
					AA24A39B27678FD0005FDF94 = {
						CreatedOnToolsVersion = 13.0;
					};
				};
			};
			buildConfigurationList = AA24A39727678FD0005FDF94 /* Build configuration list for PBXProject "InstagramClone" */;
			compatibilityVersion = "Xcode 13.0";
			developmentRegion = en;
			hasScannedForEncodings = 0;
			knownRegions = (
				en,
				Base,
			);
			mainGroup = AA24A39327678FD0005FDF94;
			productRefGroup = AA24A39D27678FD0005FDF94 /* Products */;
			projectDirPath = "";
			projectRoot = "";
			targets = (
				AA24A39B27678FD0005FDF94 /* InstagramClone */,
			);
		};
/* End PBXProject section */

/* Begin PBXResourcesBuildPhase section */
		AA24A39A27678FD0005FDF94 /* Resources */ = {
			isa = PBXResourcesBuildPhase;
			buildActionMask = 2147483647;
			files = (
				AA24A3A727678FD1005FDF94 /* Preview Assets.xcassets in Resources */,
				AA24A3A427678FD1005FDF94 /* Assets.xcassets in Resources */,
			);
			runOnlyForDeploymentPostprocessing = 0;
		};
/* End PBXResourcesBuildPhase section */

/* Begin PBXSourcesBuildPhase section */
		AA24A39827678FD0005FDF94 /* Sources */ = {
			isa = PBXSourcesBuildPhase;
			buildActionMask = 2147483647;
			files = (
				AA1A754D276CFE38008C76F0 /* ProfileFeedView.swift in Sources */,
				AA6307D5276BACD900BDC778 /* ProfileTopBarView.swift in Sources */,
				AA65ED76276E498F009D84C8 /* ActivityItemView.swift in Sources */,
				AA9626DE2768EA6600618A38 /* TopBarView.swift in Sources */,
				AA6307D3276BAC6200BDC778 /* ProfileView.swift in Sources */,
				AA6307D7276BAFA500BDC778 /* ProfileInfoView.swift in Sources */,
				AA24A3D027679ADB005FDF94 /* StoriesView.swift in Sources */,
				AA24A3A227678FD0005FDF94 /* ContentView.swift in Sources */,
				AA24A3CE276798A7005FDF94 /* PostView.swift in Sources */,
				AA9626E12768F2B000618A38 /* PostTopComponentView.swift in Sources */,
				AA1A754B276CFAD4008C76F0 /* ProfileContentTabView.swift in Sources */,
				AA6307CF276BA6D800BDC778 /* HomeView.swift in Sources */,
				AA1A754F276D0321008C76F0 /* ActivityView.swift in Sources */,
				AA24A3A027678FD0005FDF94 /* InstagramCloneApp.swift in Sources */,
				AA9626E32768F3E000618A38 /* PostActionsView.swift in Sources */,
			);
			runOnlyForDeploymentPostprocessing = 0;
		};
/* End PBXSourcesBuildPhase section */

/* Begin XCBuildConfiguration section */
		AA24A3A827678FD1005FDF94 /* Debug */ = {
			isa = XCBuildConfiguration;
			buildSettings = {
				ALWAYS_SEARCH_USER_PATHS = NO;
				CLANG_ANALYZER_NONNULL = YES;
				CLANG_ANALYZER_NUMBER_OBJECT_CONVERSION = YES_AGGRESSIVE;
				CLANG_CXX_LANGUAGE_STANDARD = "gnu++17";
				CLANG_CXX_LIBRARY = "libc++";
				CLANG_ENABLE_MODULES = YES;
				CLANG_ENABLE_OBJC_ARC = YES;
				CLANG_ENABLE_OBJC_WEAK = YES;
				CLANG_WARN_BLOCK_CAPTURE_AUTORELEASING = YES;
				CLANG_WARN_BOOL_CONVERSION = YES;
				CLANG_WARN_COMMA = YES;
				CLANG_WARN_CONSTANT_CONVERSION = YES;
				CLANG_WARN_DEPRECATED_OBJC_IMPLEMENTATIONS = YES;
				CLANG_WARN_DIRECT_OBJC_ISA_USAGE = YES_ERROR;
				CLANG_WARN_DOCUMENTATION_COMMENTS = YES;
				CLANG_WARN_EMPTY_BODY = YES;
				CLANG_WARN_ENUM_CONVERSION = YES;
				CLANG_WARN_INFINITE_RECURSION = YES;
				CLANG_WARN_INT_CONVERSION = YES;
				CLANG_WARN_NON_LITERAL_NULL_CONVERSION = YES;
				CLANG_WARN_OBJC_IMPLICIT_RETAIN_SELF = YES;
				CLANG_WARN_OBJC_LITERAL_CONVERSION = YES;
				CLANG_WARN_OBJC_ROOT_CLASS = YES_ERROR;
				CLANG_WARN_QUOTED_INCLUDE_IN_FRAMEWORK_HEADER = YES;
				CLANG_WARN_RANGE_LOOP_ANALYSIS = YES;
				CLANG_WARN_STRICT_PROTOTYPES = YES;
				CLANG_WARN_SUSPICIOUS_MOVE = YES;
				CLANG_WARN_UNGUARDED_AVAILABILITY = YES_AGGRESSIVE;
				CLANG_WARN_UNREACHABLE_CODE = YES;
				CLANG_WARN__DUPLICATE_METHOD_MATCH = YES;
				COPY_PHASE_STRIP = NO;
				DEBUG_INFORMATION_FORMAT = dwarf;
				ENABLE_STRICT_OBJC_MSGSEND = YES;
				ENABLE_TESTABILITY = YES;
				GCC_C_LANGUAGE_STANDARD = gnu11;
				GCC_DYNAMIC_NO_PIC = NO;
				GCC_NO_COMMON_BLOCKS = YES;
				GCC_OPTIMIZATION_LEVEL = 0;
				GCC_PREPROCESSOR_DEFINITIONS = (
					"DEBUG=1",
					"$(inherited)",
				);
				GCC_WARN_64_TO_32_BIT_CONVERSION = YES;
				GCC_WARN_ABOUT_RETURN_TYPE = YES_ERROR;
				GCC_WARN_UNDECLARED_SELECTOR = YES;
				GCC_WARN_UNINITIALIZED_AUTOS = YES_AGGRESSIVE;
				GCC_WARN_UNUSED_FUNCTION = YES;
				GCC_WARN_UNUSED_VARIABLE = YES;
				IPHONEOS_DEPLOYMENT_TARGET = 15.0;
				MTL_ENABLE_DEBUG_INFO = INCLUDE_SOURCE;
				MTL_FAST_MATH = YES;
				ONLY_ACTIVE_ARCH = YES;
				SDKROOT = iphoneos;
				SWIFT_ACTIVE_COMPILATION_CONDITIONS = DEBUG;
				SWIFT_OPTIMIZATION_LEVEL = "-Onone";
			};
			name = Debug;
		};
		AA24A3A927678FD1005FDF94 /* Release */ = {
			isa = XCBuildConfiguration;
			buildSettings = {
				ALWAYS_SEARCH_USER_PATHS = NO;
				CLANG_ANALYZER_NONNULL = YES;
				CLANG_ANALYZER_NUMBER_OBJECT_CONVERSION = YES_AGGRESSIVE;
				CLANG_CXX_LANGUAGE_STANDARD = "gnu++17";
				CLANG_CXX_LIBRARY = "libc++";
				CLANG_ENABLE_MODULES = YES;
				CLANG_ENABLE_OBJC_ARC = YES;
				CLANG_ENABLE_OBJC_WEAK = YES;
				CLANG_WARN_BLOCK_CAPTURE_AUTORELEASING = YES;
				CLANG_WARN_BOOL_CONVERSION = YES;
				CLANG_WARN_COMMA = YES;
				CLANG_WARN_CONSTANT_CONVERSION = YES;
				CLANG_WARN_DEPRECATED_OBJC_IMPLEMENTATIONS = YES;
				CLANG_WARN_DIRECT_OBJC_ISA_USAGE = YES_ERROR;
				CLANG_WARN_DOCUMENTATION_COMMENTS = YES;
				CLANG_WARN_EMPTY_BODY = YES;
				CLANG_WARN_ENUM_CONVERSION = YES;
				CLANG_WARN_INFINITE_RECURSION = YES;
				CLANG_WARN_INT_CONVERSION = YES;
				CLANG_WARN_NON_LITERAL_NULL_CONVERSION = YES;
				CLANG_WARN_OBJC_IMPLICIT_RETAIN_SELF = YES;
				CLANG_WARN_OBJC_LITERAL_CONVERSION = YES;
				CLANG_WARN_OBJC_ROOT_CLASS = YES_ERROR;
				CLANG_WARN_QUOTED_INCLUDE_IN_FRAMEWORK_HEADER = YES;
				CLANG_WARN_RANGE_LOOP_ANALYSIS = YES;
				CLANG_WARN_STRICT_PROTOTYPES = YES;
				CLANG_WARN_SUSPICIOUS_MOVE = YES;
				CLANG_WARN_UNGUARDED_AVAILABILITY = YES_AGGRESSIVE;
				CLANG_WARN_UNREACHABLE_CODE = YES;
				CLANG_WARN__DUPLICATE_METHOD_MATCH = YES;
				COPY_PHASE_STRIP = NO;
				DEBUG_INFORMATION_FORMAT = "dwarf-with-dsym";
				ENABLE_NS_ASSERTIONS = NO;
				ENABLE_STRICT_OBJC_MSGSEND = YES;
				GCC_C_LANGUAGE_STANDARD = gnu11;
				GCC_NO_COMMON_BLOCKS = YES;
				GCC_WARN_64_TO_32_BIT_CONVERSION = YES;
				GCC_WARN_ABOUT_RETURN_TYPE = YES_ERROR;
				GCC_WARN_UNDECLARED_SELECTOR = YES;
				GCC_WARN_UNINITIALIZED_AUTOS = YES_AGGRESSIVE;
				GCC_WARN_UNUSED_FUNCTION = YES;
				GCC_WARN_UNUSED_VARIABLE = YES;
				IPHONEOS_DEPLOYMENT_TARGET = 15.0;
				MTL_ENABLE_DEBUG_INFO = NO;
				MTL_FAST_MATH = YES;
				SDKROOT = iphoneos;
				SWIFT_COMPILATION_MODE = wholemodule;
				SWIFT_OPTIMIZATION_LEVEL = "-O";
				VALIDATE_PRODUCT = YES;
			};
			name = Release;
		};
		AA24A3AB27678FD1005FDF94 /* Debug */ = {
			isa = XCBuildConfiguration;
			buildSettings = {
				ASSETCATALOG_COMPILER_APPICON_NAME = AppIcon;
				ASSETCATALOG_COMPILER_GLOBAL_ACCENT_COLOR_NAME = AccentColor;
				CODE_SIGN_STYLE = Automatic;
				CURRENT_PROJECT_VERSION = 1;
				DEVELOPMENT_ASSET_PATHS = "\"InstagramClone/Preview Content\"";
				DEVELOPMENT_TEAM = 5Y8ZVY4N62;
				ENABLE_PREVIEWS = YES;
				GENERATE_INFOPLIST_FILE = YES;
				INFOPLIST_KEY_UIApplicationSceneManifest_Generation = YES;
				INFOPLIST_KEY_UIApplicationSupportsIndirectInputEvents = YES;
				INFOPLIST_KEY_UILaunchScreen_Generation = YES;
				INFOPLIST_KEY_UISupportedInterfaceOrientations_iPad = "UIInterfaceOrientationPortrait UIInterfaceOrientationPortraitUpsideDown UIInterfaceOrientationLandscapeLeft UIInterfaceOrientationLandscapeRight";
				INFOPLIST_KEY_UISupportedInterfaceOrientations_iPhone = "UIInterfaceOrientationPortrait UIInterfaceOrientationLandscapeLeft UIInterfaceOrientationLandscapeRight";
				IPHONEOS_DEPLOYMENT_TARGET = 14.0;
				LD_RUNPATH_SEARCH_PATHS = (
					"$(inherited)",
					"@executable_path/Frameworks",
				);
				MARKETING_VERSION = 1.0;
				PRODUCT_BUNDLE_IDENTIFIER = com.muhdmirzamz.InstagramClone;
				PRODUCT_NAME = "$(TARGET_NAME)";
				SWIFT_EMIT_LOC_STRINGS = YES;
				SWIFT_VERSION = 5.0;
				TARGETED_DEVICE_FAMILY = "1,2";
			};
			name = Debug;
		};
		AA24A3AC27678FD1005FDF94 /* Release */ = {
			isa = XCBuildConfiguration;
			buildSettings = {
				ASSETCATALOG_COMPILER_APPICON_NAME = AppIcon;
				ASSETCATALOG_COMPILER_GLOBAL_ACCENT_COLOR_NAME = AccentColor;
				CODE_SIGN_STYLE = Automatic;
				CURRENT_PROJECT_VERSION = 1;
				DEVELOPMENT_ASSET_PATHS = "\"InstagramClone/Preview Content\"";
				DEVELOPMENT_TEAM = 5Y8ZVY4N62;
				ENABLE_PREVIEWS = YES;
				GENERATE_INFOPLIST_FILE = YES;
				INFOPLIST_KEY_UIApplicationSceneManifest_Generation = YES;
				INFOPLIST_KEY_UIApplicationSupportsIndirectInputEvents = YES;
				INFOPLIST_KEY_UILaunchScreen_Generation = YES;
				INFOPLIST_KEY_UISupportedInterfaceOrientations_iPad = "UIInterfaceOrientationPortrait UIInterfaceOrientationPortraitUpsideDown UIInterfaceOrientationLandscapeLeft UIInterfaceOrientationLandscapeRight";
				INFOPLIST_KEY_UISupportedInterfaceOrientations_iPhone = "UIInterfaceOrientationPortrait UIInterfaceOrientationLandscapeLeft UIInterfaceOrientationLandscapeRight";
				IPHONEOS_DEPLOYMENT_TARGET = 14.0;
				LD_RUNPATH_SEARCH_PATHS = (
					"$(inherited)",
					"@executable_path/Frameworks",
				);
				MARKETING_VERSION = 1.0;
				PRODUCT_BUNDLE_IDENTIFIER = com.muhdmirzamz.InstagramClone;
				PRODUCT_NAME = "$(TARGET_NAME)";
				SWIFT_EMIT_LOC_STRINGS = YES;
				SWIFT_VERSION = 5.0;
				TARGETED_DEVICE_FAMILY = "1,2";
			};
			name = Release;
		};
/* End XCBuildConfiguration section */

/* Begin XCConfigurationList section */
		AA24A39727678FD0005FDF94 /* Build configuration list for PBXProject "InstagramClone" */ = {
			isa = XCConfigurationList;
			buildConfigurations = (
				AA24A3A827678FD1005FDF94 /* Debug */,
				AA24A3A927678FD1005FDF94 /* Release */,
			);
			defaultConfigurationIsVisible = 0;
			defaultConfigurationName = Release;
		};
		AA24A3AA27678FD1005FDF94 /* Build configuration list for PBXNativeTarget "InstagramClone" */ = {
			isa = XCConfigurationList;
			buildConfigurations = (
				AA24A3AB27678FD1005FDF94 /* Debug */,
				AA24A3AC27678FD1005FDF94 /* Release */,
			);
			defaultConfigurationIsVisible = 0;
			defaultConfigurationName = Release;
		};
/* End XCConfigurationList section */
	};
	rootObject = AA24A39427678FD0005FDF94 /* Project object */;
}
